// !$*UTF8*$!
{
	archiveVersion = 1;
	classes = {
	};
	objectVersion = 50;
	objects = {

/* Begin PBXBuildFile section */
		1F8EA0A324078C07008921AB /* AppDelegate.swift in Sources */ = {isa = PBXBuildFile; fileRef = 1F8EA0A224078C07008921AB /* AppDelegate.swift */; };
		1F8EA0A724078C08008921AB /* Assets.xcassets in Resources */ = {isa = PBXBuildFile; fileRef = 1F8EA0A624078C08008921AB /* Assets.xcassets */; };
		1F8EA0C724078CD2008921AB /* MuMuEngine_macOS.framework in Frameworks */ = {isa = PBXBuildFile; fileRef = 1F8EA0C624078CD2008921AB /* MuMuEngine_macOS.framework */; };
		1F8EA0C824078CD3008921AB /* MuMuEngine_macOS.framework in Embed Frameworks */ = {isa = PBXBuildFile; fileRef = 1F8EA0C624078CD2008921AB /* MuMuEngine_macOS.framework */; settings = {ATTRIBUTES = (CodeSignOnCopy, RemoveHeadersOnCopy, ); }; };
		1F8EA0D024078CFC008921AB /* AppDelegate.swift in Sources */ = {isa = PBXBuildFile; fileRef = 1F8EA0CF24078CFC008921AB /* AppDelegate.swift */; };
		1F8EA0D924078CFD008921AB /* Assets.xcassets in Resources */ = {isa = PBXBuildFile; fileRef = 1F8EA0D824078CFD008921AB /* Assets.xcassets */; };
		1F8EA0E224078D06008921AB /* MuMuEngine_iOS.framework in Frameworks */ = {isa = PBXBuildFile; fileRef = 1F8EA0E124078D06008921AB /* MuMuEngine_iOS.framework */; };
		1F8EA0E324078D06008921AB /* MuMuEngine_iOS.framework in Embed Frameworks */ = {isa = PBXBuildFile; fileRef = 1F8EA0E124078D06008921AB /* MuMuEngine_iOS.framework */; settings = {ATTRIBUTES = (CodeSignOnCopy, RemoveHeadersOnCopy, ); }; };
		1F8EA1AE240791B6008921AB /* Shared.xcassets in Resources */ = {isa = PBXBuildFile; fileRef = 1F8EA1AD240791B6008921AB /* Shared.xcassets */; };
		1F8EA1B0240791C0008921AB /* GameInfo.plist in Resources */ = {isa = PBXBuildFile; fileRef = 1F8EA1AF240791C0008921AB /* GameInfo.plist */; };
		1F8EA1B2240791D6008921AB /* WindowController.swift in Sources */ = {isa = PBXBuildFile; fileRef = 1F8EA1B1240791D6008921AB /* WindowController.swift */; };
		1F8EA1D0240791F2008921AB /* BlobIdle.animationdata in Resources */ = {isa = PBXBuildFile; fileRef = 1F8EA1B5240791F2008921AB /* BlobIdle.animationdata */; };
		1F8EA1D1240791F2008921AB /* HeartSparkling.animationdata in Resources */ = {isa = PBXBuildFile; fileRef = 1F8EA1B6240791F2008921AB /* HeartSparkling.animationdata */; };
		1F8EA1D2240791F2008921AB /* HeartSpinning.animationdata in Resources */ = {isa = PBXBuildFile; fileRef = 1F8EA1B7240791F2008921AB /* HeartSpinning.animationdata */; };
		1F8EA1D3240791F2008921AB /* Map_01.json in Resources */ = {isa = PBXBuildFile; fileRef = 1F8EA1B9240791F2008921AB /* Map_01.json */; };
		1F8EA1D4240791F2008921AB /* MapItems.json in Resources */ = {isa = PBXBuildFile; fileRef = 1F8EA1BB240791F2008921AB /* MapItems.json */; };
		1F8EA1D5240791F2008921AB /* Blob.json in Resources */ = {isa = PBXBuildFile; fileRef = 1F8EA1BC240791F2008921AB /* Blob.json */; };
		1F8EA1D6240791F2008921AB /* Toutoulina_01.json in Resources */ = {isa = PBXBuildFile; fileRef = 1F8EA1BD240791F2008921AB /* Toutoulina_01.json */; };
		1F8EA1D7240791F2008921AB /* BasicUserInterface.json in Resources */ = {isa = PBXBuildFile; fileRef = 1F8EA1BE240791F2008921AB /* BasicUserInterface.json */; };
		1F8EA1D8240791F2008921AB /* TestTiles.tilesetdata in Resources */ = {isa = PBXBuildFile; fileRef = 1F8EA1C0240791F2008921AB /* TestTiles.tilesetdata */; };
		1F8EA1D9240791F2008921AB /* Splash.scenedata in Resources */ = {isa = PBXBuildFile; fileRef = 1F8EA1C3240791F2008921AB /* Splash.scenedata */; };
		1F8EA1DA240791F2008921AB /* Splash.scenemanifest in Resources */ = {isa = PBXBuildFile; fileRef = 1F8EA1C4240791F2008921AB /* Splash.scenemanifest */; };
		1F8EA1DB240791F2008921AB /* Scene01.scenedata in Resources */ = {isa = PBXBuildFile; fileRef = 1F8EA1C6240791F2008921AB /* Scene01.scenedata */; };
		1F8EA1DC240791F2008921AB /* Scene01.scenemanifest in Resources */ = {isa = PBXBuildFile; fileRef = 1F8EA1C7240791F2008921AB /* Scene01.scenemanifest */; };
		1F8EA1DD240791F2008921AB /* README.md in Resources */ = {isa = PBXBuildFile; fileRef = 1F8EA1C8240791F2008921AB /* README.md */; };
		1F8EA1DE240791F2008921AB /* MainMenu.scenedata in Resources */ = {isa = PBXBuildFile; fileRef = 1F8EA1CA240791F2008921AB /* MainMenu.scenedata */; };
		1F8EA1DF240791F2008921AB /* MainMenu.scenemanifest in Resources */ = {isa = PBXBuildFile; fileRef = 1F8EA1CB240791F2008921AB /* MainMenu.scenemanifest */; };
		1F8EA1E0240791F2008921AB /* Heart.blueprint in Resources */ = {isa = PBXBuildFile; fileRef = 1F8EA1CD240791F2008921AB /* Heart.blueprint */; };
		1F8EA1E1240791F2008921AB /* Blob.blueprint in Resources */ = {isa = PBXBuildFile; fileRef = 1F8EA1CE240791F2008921AB /* Blob.blueprint */; };
		1F8EA1E2240791F2008921AB /* IntroHeart.blueprint in Resources */ = {isa = PBXBuildFile; fileRef = 1F8EA1CF240791F2008921AB /* IntroHeart.blueprint */; };
		1F8EA1E424079207008921AB /* StartButton.blueprint in Resources */ = {isa = PBXBuildFile; fileRef = 1F8EA1E324079207008921AB /* StartButton.blueprint */; };
		1F8EA1E724079234008921AB /* Main.storyboard in Resources */ = {isa = PBXBuildFile; fileRef = 1F8EA1E624079234008921AB /* Main.storyboard */; };
/* End PBXBuildFile section */

/* Begin PBXCopyFilesBuildPhase section */
		1F8EA0C524078C51008921AB /* Embed Frameworks */ = {
			isa = PBXCopyFilesBuildPhase;
			buildActionMask = 2147483647;
			dstPath = "";
			dstSubfolderSpec = 10;
			files = (
				1F8EA0C824078CD3008921AB /* MuMuEngine_macOS.framework in Embed Frameworks */,
			);
			name = "Embed Frameworks";
			runOnlyForDeploymentPostprocessing = 0;
		};
		1F8EA0E424078D06008921AB /* Embed Frameworks */ = {
			isa = PBXCopyFilesBuildPhase;
			buildActionMask = 2147483647;
			dstPath = "";
			dstSubfolderSpec = 10;
			files = (
				1F8EA0E324078D06008921AB /* MuMuEngine_iOS.framework in Embed Frameworks */,
			);
			name = "Embed Frameworks";
			runOnlyForDeploymentPostprocessing = 0;
		};
/* End PBXCopyFilesBuildPhase section */

/* Begin PBXFileReference section */
		1F8EA09F24078C07008921AB /* TestbedApp-macOS.app */ = {isa = PBXFileReference; explicitFileType = wrapper.application; includeInIndex = 0; path = "TestbedApp-macOS.app"; sourceTree = BUILT_PRODUCTS_DIR; };
		1F8EA0A224078C07008921AB /* AppDelegate.swift */ = {isa = PBXFileReference; lastKnownFileType = sourcecode.swift; path = AppDelegate.swift; sourceTree = "<group>"; };
		1F8EA0A624078C08008921AB /* Assets.xcassets */ = {isa = PBXFileReference; lastKnownFileType = folder.assetcatalog; path = Assets.xcassets; sourceTree = "<group>"; };
		1F8EA0AB24078C08008921AB /* Info.plist */ = {isa = PBXFileReference; lastKnownFileType = text.plist.xml; path = Info.plist; sourceTree = "<group>"; };
		1F8EA0C624078CD2008921AB /* MuMuEngine_macOS.framework */ = {isa = PBXFileReference; explicitFileType = wrapper.framework; path = MuMuEngine_macOS.framework; sourceTree = BUILT_PRODUCTS_DIR; };
		1F8EA0CD24078CFC008921AB /* TestBedApp-iOS.app */ = {isa = PBXFileReference; explicitFileType = wrapper.application; includeInIndex = 0; path = "TestBedApp-iOS.app"; sourceTree = BUILT_PRODUCTS_DIR; };
		1F8EA0CF24078CFC008921AB /* AppDelegate.swift */ = {isa = PBXFileReference; lastKnownFileType = sourcecode.swift; path = AppDelegate.swift; sourceTree = "<group>"; };
		1F8EA0D824078CFD008921AB /* Assets.xcassets */ = {isa = PBXFileReference; lastKnownFileType = folder.assetcatalog; path = Assets.xcassets; sourceTree = "<group>"; };
		1F8EA0DD24078CFD008921AB /* Info.plist */ = {isa = PBXFileReference; lastKnownFileType = text.plist.xml; path = Info.plist; sourceTree = "<group>"; };
		1F8EA0E124078D06008921AB /* MuMuEngine_iOS.framework */ = {isa = PBXFileReference; explicitFileType = wrapper.framework; path = MuMuEngine_iOS.framework; sourceTree = BUILT_PRODUCTS_DIR; };
		1F8EA1AD240791B6008921AB /* Shared.xcassets */ = {isa = PBXFileReference; lastKnownFileType = folder.assetcatalog; name = Shared.xcassets; path = Shared_Resources/Shared.xcassets; sourceTree = SOURCE_ROOT; };
		1F8EA1AF240791C0008921AB /* GameInfo.plist */ = {isa = PBXFileReference; fileEncoding = 4; lastKnownFileType = text.plist.xml; path = GameInfo.plist; sourceTree = "<group>"; };
		1F8EA1B1240791D6008921AB /* WindowController.swift */ = {isa = PBXFileReference; fileEncoding = 4; lastKnownFileType = sourcecode.swift; path = WindowController.swift; sourceTree = "<group>"; };
		1F8EA1B5240791F2008921AB /* BlobIdle.animationdata */ = {isa = PBXFileReference; fileEncoding = 4; lastKnownFileType = text; path = BlobIdle.animationdata; sourceTree = "<group>"; };
		1F8EA1B6240791F2008921AB /* HeartSparkling.animationdata */ = {isa = PBXFileReference; fileEncoding = 4; lastKnownFileType = text; path = HeartSparkling.animationdata; sourceTree = "<group>"; };
		1F8EA1B7240791F2008921AB /* HeartSpinning.animationdata */ = {isa = PBXFileReference; fileEncoding = 4; lastKnownFileType = text; path = HeartSpinning.animationdata; sourceTree = "<group>"; };
		1F8EA1B9240791F2008921AB /* Map_01.json */ = {isa = PBXFileReference; fileEncoding = 4; lastKnownFileType = text.json; path = Map_01.json; sourceTree = "<group>"; };
		1F8EA1BB240791F2008921AB /* MapItems.json */ = {isa = PBXFileReference; fileEncoding = 4; lastKnownFileType = text.json; path = MapItems.json; sourceTree = "<group>"; };
		1F8EA1BC240791F2008921AB /* Blob.json */ = {isa = PBXFileReference; fileEncoding = 4; lastKnownFileType = text.json; path = Blob.json; sourceTree = "<group>"; };
		1F8EA1BD240791F2008921AB /* Toutoulina_01.json */ = {isa = PBXFileReference; fileEncoding = 4; lastKnownFileType = text.json; path = Toutoulina_01.json; sourceTree = "<group>"; };
		1F8EA1BE240791F2008921AB /* BasicUserInterface.json */ = {isa = PBXFileReference; fileEncoding = 4; lastKnownFileType = text.json; path = BasicUserInterface.json; sourceTree = "<group>"; };
		1F8EA1C0240791F2008921AB /* TestTiles.tilesetdata */ = {isa = PBXFileReference; fileEncoding = 4; lastKnownFileType = text; path = TestTiles.tilesetdata; sourceTree = "<group>"; };
		1F8EA1C3240791F2008921AB /* Splash.scenedata */ = {isa = PBXFileReference; fileEncoding = 4; lastKnownFileType = text; path = Splash.scenedata; sourceTree = "<group>"; };
		1F8EA1C4240791F2008921AB /* Splash.scenemanifest */ = {isa = PBXFileReference; fileEncoding = 4; lastKnownFileType = text; path = Splash.scenemanifest; sourceTree = "<group>"; };
		1F8EA1C6240791F2008921AB /* Scene01.scenedata */ = {isa = PBXFileReference; fileEncoding = 4; lastKnownFileType = text; path = Scene01.scenedata; sourceTree = "<group>"; };
		1F8EA1C7240791F2008921AB /* Scene01.scenemanifest */ = {isa = PBXFileReference; fileEncoding = 4; lastKnownFileType = text; path = Scene01.scenemanifest; sourceTree = "<group>"; };
		1F8EA1C8240791F2008921AB /* README.md */ = {isa = PBXFileReference; fileEncoding = 4; lastKnownFileType = net.daringfireball.markdown; path = README.md; sourceTree = "<group>"; };
		1F8EA1CA240791F2008921AB /* MainMenu.scenedata */ = {isa = PBXFileReference; fileEncoding = 4; lastKnownFileType = text; path = MainMenu.scenedata; sourceTree = "<group>"; };
		1F8EA1CB240791F2008921AB /* MainMenu.scenemanifest */ = {isa = PBXFileReference; fileEncoding = 4; lastKnownFileType = text; path = MainMenu.scenemanifest; sourceTree = "<group>"; };
		1F8EA1CD240791F2008921AB /* Heart.blueprint */ = {isa = PBXFileReference; fileEncoding = 4; lastKnownFileType = text; path = Heart.blueprint; sourceTree = "<group>"; };
		1F8EA1CE240791F2008921AB /* Blob.blueprint */ = {isa = PBXFileReference; fileEncoding = 4; lastKnownFileType = text; path = Blob.blueprint; sourceTree = "<group>"; };
		1F8EA1CF240791F2008921AB /* IntroHeart.blueprint */ = {isa = PBXFileReference; fileEncoding = 4; lastKnownFileType = text; path = IntroHeart.blueprint; sourceTree = "<group>"; };
		1F8EA1E324079207008921AB /* StartButton.blueprint */ = {isa = PBXFileReference; lastKnownFileType = file; name = StartButton.blueprint; path = macOS/Blueprint_Data/StartButton.blueprint; sourceTree = SOURCE_ROOT; };
		1F8EA1E624079234008921AB /* Main.storyboard */ = {isa = PBXFileReference; fileEncoding = 4; lastKnownFileType = file.storyboard; path = Main.storyboard; sourceTree = "<group>"; };
		1F8EA1E82407926E008921AB /* TestbedApp.entitlements */ = {isa = PBXFileReference; fileEncoding = 4; lastKnownFileType = text.plist.entitlements; path = TestbedApp.entitlements; sourceTree = "<group>"; };
/* End PBXFileReference section */

/* Begin PBXFrameworksBuildPhase section */
		1F8EA09C24078C07008921AB /* Frameworks */ = {
			isa = PBXFrameworksBuildPhase;
			buildActionMask = 2147483647;
			files = (
				1F8EA0C724078CD2008921AB /* MuMuEngine_macOS.framework in Frameworks */,
			);
			runOnlyForDeploymentPostprocessing = 0;
		};
		1F8EA0CA24078CFC008921AB /* Frameworks */ = {
			isa = PBXFrameworksBuildPhase;
			buildActionMask = 2147483647;
			files = (
				1F8EA0E224078D06008921AB /* MuMuEngine_iOS.framework in Frameworks */,
			);
			runOnlyForDeploymentPostprocessing = 0;
		};
/* End PBXFrameworksBuildPhase section */

/* Begin PBXGroup section */
		1F8EA09624078C07008921AB = {
			isa = PBXGroup;
			children = (
				1F8EA0A124078C07008921AB /* macOS */,
				1F8EA0CE24078CFC008921AB /* iOS */,
				1F8EA0A024078C07008921AB /* Products */,
				1F8EA0C224078C50008921AB /* Frameworks */,
			);
			sourceTree = "<group>";
		};
		1F8EA0A024078C07008921AB /* Products */ = {
			isa = PBXGroup;
			children = (
				1F8EA09F24078C07008921AB /* TestbedApp-macOS.app */,
				1F8EA0CD24078CFC008921AB /* TestBedApp-iOS.app */,
			);
			name = Products;
			sourceTree = "<group>";
		};
		1F8EA0A124078C07008921AB /* macOS */ = {
			isa = PBXGroup;
			children = (
				1F8EA0A224078C07008921AB /* AppDelegate.swift */,
				1F8EA1E82407926E008921AB /* TestbedApp.entitlements */,
				1F8EA0AB24078C08008921AB /* Info.plist */,
				1F8EA1AF240791C0008921AB /* GameInfo.plist */,
				1F8EA0A624078C08008921AB /* Assets.xcassets */,
				1F8EA1AD240791B6008921AB /* Shared.xcassets */,
				1F8EA1B1240791D6008921AB /* WindowController.swift */,
				1F8EA1E524079234008921AB /* Storyboards */,
				1F8EA1B3240791DC008921AB /* Game_Data */,
			);
			path = macOS;
			sourceTree = "<group>";
		};
		1F8EA0C224078C50008921AB /* Frameworks */ = {
			isa = PBXGroup;
			children = (
				1F8EA0E124078D06008921AB /* MuMuEngine_iOS.framework */,
				1F8EA0C624078CD2008921AB /* MuMuEngine_macOS.framework */,
			);
			name = Frameworks;
			sourceTree = "<group>";
		};
		1F8EA0CE24078CFC008921AB /* iOS */ = {
			isa = PBXGroup;
			children = (
				1F8EA0CF24078CFC008921AB /* AppDelegate.swift */,
				1F8EA0DD24078CFD008921AB /* Info.plist */,
				1F8EA0D824078CFD008921AB /* Assets.xcassets */,
			);
			path = iOS;
			sourceTree = "<group>";
		};
		1F8EA1B3240791DC008921AB /* Game_Data */ = {
			isa = PBXGroup;
			children = (
				1F8EA1B4240791F2008921AB /* Animation_Data */,
				1F8EA1BA240791F2008921AB /* Atlas_Data */,
				1F8EA1CC240791F2008921AB /* Blueprint_Data */,
				1F8EA1C1240791F2008921AB /* Scene_Data */,
				1F8EA1B8240791F2008921AB /* Tilemap_Data */,
				1F8EA1BF240791F2008921AB /* Tileset_Data */,
			);
			name = Game_Data;
			sourceTree = "<group>";
		};
		1F8EA1B4240791F2008921AB /* Animation_Data */ = {
			isa = PBXGroup;
			children = (
				1F8EA1B5240791F2008921AB /* BlobIdle.animationdata */,
				1F8EA1B6240791F2008921AB /* HeartSparkling.animationdata */,
				1F8EA1B7240791F2008921AB /* HeartSpinning.animationdata */,
			);
			name = Animation_Data;
			path = Shared_Resources/Animation_Data;
			sourceTree = SOURCE_ROOT;
		};
		1F8EA1B8240791F2008921AB /* Tilemap_Data */ = {
			isa = PBXGroup;
			children = (
				1F8EA1B9240791F2008921AB /* Map_01.json */,
			);
			name = Tilemap_Data;
			path = Shared_Resources/Tilemap_Data;
			sourceTree = SOURCE_ROOT;
		};
		1F8EA1BA240791F2008921AB /* Atlas_Data */ = {
			isa = PBXGroup;
			children = (
				1F8EA1BB240791F2008921AB /* MapItems.json */,
				1F8EA1BC240791F2008921AB /* Blob.json */,
				1F8EA1BD240791F2008921AB /* Toutoulina_01.json */,
				1F8EA1BE240791F2008921AB /* BasicUserInterface.json */,
			);
			name = Atlas_Data;
			path = Shared_Resources/Atlas_Data;
			sourceTree = SOURCE_ROOT;
		};
		1F8EA1BF240791F2008921AB /* Tileset_Data */ = {
			isa = PBXGroup;
			children = (
				1F8EA1C0240791F2008921AB /* TestTiles.tilesetdata */,
			);
			name = Tileset_Data;
			path = Shared_Resources/Tileset_Data;
			sourceTree = SOURCE_ROOT;
		};
		1F8EA1C1240791F2008921AB /* Scene_Data */ = {
			isa = PBXGroup;
			children = (
				1F8EA1C5240791F2008921AB /* Scene01 */,
				1F8EA1C2240791F2008921AB /* Splash */,
				1F8EA1C8240791F2008921AB /* README.md */,
				1F8EA1C9240791F2008921AB /* MainMenu */,
			);
			name = Scene_Data;
			path = Shared_Resources/Scene_Data;
			sourceTree = SOURCE_ROOT;
		};
		1F8EA1C2240791F2008921AB /* Splash */ = {
			isa = PBXGroup;
			children = (
				1F8EA1C3240791F2008921AB /* Splash.scenedata */,
				1F8EA1C4240791F2008921AB /* Splash.scenemanifest */,
			);
			path = Splash;
			sourceTree = "<group>";
		};
		1F8EA1C5240791F2008921AB /* Scene01 */ = {
			isa = PBXGroup;
			children = (
				1F8EA1C6240791F2008921AB /* Scene01.scenedata */,
				1F8EA1C7240791F2008921AB /* Scene01.scenemanifest */,
			);
			path = Scene01;
			sourceTree = "<group>";
		};
		1F8EA1C9240791F2008921AB /* MainMenu */ = {
			isa = PBXGroup;
			children = (
				1F8EA1CA240791F2008921AB /* MainMenu.scenedata */,
				1F8EA1CB240791F2008921AB /* MainMenu.scenemanifest */,
			);
			path = MainMenu;
			sourceTree = "<group>";
		};
		1F8EA1CC240791F2008921AB /* Blueprint_Data */ = {
			isa = PBXGroup;
			children = (
				1F8EA1E324079207008921AB /* StartButton.blueprint */,
				1F8EA1CD240791F2008921AB /* Heart.blueprint */,
				1F8EA1CE240791F2008921AB /* Blob.blueprint */,
				1F8EA1CF240791F2008921AB /* IntroHeart.blueprint */,
			);
			name = Blueprint_Data;
			path = Shared_Resources/Blueprint_Data;
			sourceTree = SOURCE_ROOT;
		};
		1F8EA1E524079234008921AB /* Storyboards */ = {
			isa = PBXGroup;
			children = (
				1F8EA1E624079234008921AB /* Main.storyboard */,
			);
			path = Storyboards;
			sourceTree = "<group>";
		};
/* End PBXGroup section */

/* Begin PBXNativeTarget section */
		1F8EA09E24078C07008921AB /* TestbedApp-macOS */ = {
			isa = PBXNativeTarget;
			buildConfigurationList = 1F8EA0AF24078C08008921AB /* Build configuration list for PBXNativeTarget "TestbedApp-macOS" */;
			buildPhases = (
				1F8EA09B24078C07008921AB /* Sources */,
				1F8EA09C24078C07008921AB /* Frameworks */,
				1F8EA09D24078C07008921AB /* Resources */,
				1F8EA0C524078C51008921AB /* Embed Frameworks */,
			);
			buildRules = (
			);
			dependencies = (
			);
			name = "TestbedApp-macOS";
			productName = TestbedApp;
			productReference = 1F8EA09F24078C07008921AB /* TestbedApp-macOS.app */;
			productType = "com.apple.product-type.application";
		};
		1F8EA0CC24078CFC008921AB /* TestBedApp-iOS */ = {
			isa = PBXNativeTarget;
			buildConfigurationList = 1F8EA0DE24078CFD008921AB /* Build configuration list for PBXNativeTarget "TestBedApp-iOS" */;
			buildPhases = (
				1F8EA0C924078CFC008921AB /* Sources */,
				1F8EA0CA24078CFC008921AB /* Frameworks */,
				1F8EA0CB24078CFC008921AB /* Resources */,
				1F8EA0E424078D06008921AB /* Embed Frameworks */,
			);
			buildRules = (
			);
			dependencies = (
			);
			name = "TestBedApp-iOS";
			productName = "TestBedApp-iOS";
			productReference = 1F8EA0CD24078CFC008921AB /* TestBedApp-iOS.app */;
			productType = "com.apple.product-type.application";
		};
/* End PBXNativeTarget section */

/* Begin PBXProject section */
		1F8EA09724078C07008921AB /* Project object */ = {
			isa = PBXProject;
			attributes = {
				LastSwiftUpdateCheck = 1130;
				LastUpgradeCheck = 1130;
				ORGANIZATIONNAME = "Nicolás Miari";
				TargetAttributes = {
					1F8EA09E24078C07008921AB = {
						CreatedOnToolsVersion = 11.3.1;
					};
					1F8EA0CC24078CFC008921AB = {
						CreatedOnToolsVersion = 11.3.1;
					};
				};
			};
			buildConfigurationList = 1F8EA09A24078C07008921AB /* Build configuration list for PBXProject "TestbedApp" */;
			compatibilityVersion = "Xcode 9.3";
			developmentRegion = en;
			hasScannedForEncodings = 0;
			knownRegions = (
				en,
				Base,
			);
			mainGroup = 1F8EA09624078C07008921AB;
			productRefGroup = 1F8EA0A024078C07008921AB /* Products */;
			projectDirPath = "";
			projectRoot = "";
			targets = (
				1F8EA09E24078C07008921AB /* TestbedApp-macOS */,
				1F8EA0CC24078CFC008921AB /* TestBedApp-iOS */,
			);
		};
/* End PBXProject section */

/* Begin PBXResourcesBuildPhase section */
		1F8EA09D24078C07008921AB /* Resources */ = {
			isa = PBXResourcesBuildPhase;
			buildActionMask = 2147483647;
			files = (
				1F8EA1E1240791F2008921AB /* Blob.blueprint in Resources */,
				1F8EA1D6240791F2008921AB /* Toutoulina_01.json in Resources */,
				1F8EA1D5240791F2008921AB /* Blob.json in Resources */,
				1F8EA1E724079234008921AB /* Main.storyboard in Resources */,
				1F8EA1D1240791F2008921AB /* HeartSparkling.animationdata in Resources */,
				1F8EA1D2240791F2008921AB /* HeartSpinning.animationdata in Resources */,
				1F8EA1D8240791F2008921AB /* TestTiles.tilesetdata in Resources */,
				1F8EA1DB240791F2008921AB /* Scene01.scenedata in Resources */,
				1F8EA1AE240791B6008921AB /* Shared.xcassets in Resources */,
				1F8EA1DC240791F2008921AB /* Scene01.scenemanifest in Resources */,
				1F8EA1D3240791F2008921AB /* Map_01.json in Resources */,
				1F8EA1B0240791C0008921AB /* GameInfo.plist in Resources */,
				1F8EA1E0240791F2008921AB /* Heart.blueprint in Resources */,
				1F8EA1DE240791F2008921AB /* MainMenu.scenedata in Resources */,
				1F8EA1DA240791F2008921AB /* Splash.scenemanifest in Resources */,
				1F8EA1DD240791F2008921AB /* README.md in Resources */,
				1F8EA1D7240791F2008921AB /* BasicUserInterface.json in Resources */,
				1F8EA1D4240791F2008921AB /* MapItems.json in Resources */,
				1F8EA1E424079207008921AB /* StartButton.blueprint in Resources */,
				1F8EA1D9240791F2008921AB /* Splash.scenedata in Resources */,
				1F8EA1DF240791F2008921AB /* MainMenu.scenemanifest in Resources */,
				1F8EA1E2240791F2008921AB /* IntroHeart.blueprint in Resources */,
				1F8EA0A724078C08008921AB /* Assets.xcassets in Resources */,
				1F8EA1D0240791F2008921AB /* BlobIdle.animationdata in Resources */,
			);
			runOnlyForDeploymentPostprocessing = 0;
		};
		1F8EA0CB24078CFC008921AB /* Resources */ = {
			isa = PBXResourcesBuildPhase;
			buildActionMask = 2147483647;
			files = (
				1F8EA0D924078CFD008921AB /* Assets.xcassets in Resources */,
			);
			runOnlyForDeploymentPostprocessing = 0;
		};
/* End PBXResourcesBuildPhase section */

/* Begin PBXSourcesBuildPhase section */
		1F8EA09B24078C07008921AB /* Sources */ = {
			isa = PBXSourcesBuildPhase;
			buildActionMask = 2147483647;
			files = (
				1F8EA0A324078C07008921AB /* AppDelegate.swift in Sources */,
				1F8EA1B2240791D6008921AB /* WindowController.swift in Sources */,
			);
			runOnlyForDeploymentPostprocessing = 0;
		};
		1F8EA0C924078CFC008921AB /* Sources */ = {
			isa = PBXSourcesBuildPhase;
			buildActionMask = 2147483647;
			files = (
				1F8EA0D024078CFC008921AB /* AppDelegate.swift in Sources */,
			);
			runOnlyForDeploymentPostprocessing = 0;
		};
/* End PBXSourcesBuildPhase section */

/* Begin XCBuildConfiguration section */
		1F8EA0AD24078C08008921AB /* Debug */ = {
			isa = XCBuildConfiguration;
			buildSettings = {
				ALWAYS_SEARCH_USER_PATHS = NO;
				CLANG_ANALYZER_NONNULL = YES;
				CLANG_ANALYZER_NUMBER_OBJECT_CONVERSION = YES_AGGRESSIVE;
				CLANG_CXX_LANGUAGE_STANDARD = "gnu++14";
				CLANG_CXX_LIBRARY = "libc++";
				CLANG_ENABLE_MODULES = YES;
				CLANG_ENABLE_OBJC_ARC = YES;
				CLANG_ENABLE_OBJC_WEAK = YES;
				CLANG_WARN_BLOCK_CAPTURE_AUTORELEASING = YES;
				CLANG_WARN_BOOL_CONVERSION = YES;
				CLANG_WARN_COMMA = YES;
				CLANG_WARN_CONSTANT_CONVERSION = YES;
				CLANG_WARN_DEPRECATED_OBJC_IMPLEMENTATIONS = YES;
				CLANG_WARN_DIRECT_OBJC_ISA_USAGE = YES_ERROR;
				CLANG_WARN_DOCUMENTATION_COMMENTS = YES;
				CLANG_WARN_EMPTY_BODY = YES;
				CLANG_WARN_ENUM_CONVERSION = YES;
				CLANG_WARN_INFINITE_RECURSION = YES;
				CLANG_WARN_INT_CONVERSION = YES;
				CLANG_WARN_NON_LITERAL_NULL_CONVERSION = YES;
				CLANG_WARN_OBJC_IMPLICIT_RETAIN_SELF = YES;
				CLANG_WARN_OBJC_LITERAL_CONVERSION = YES;
				CLANG_WARN_OBJC_ROOT_CLASS = YES_ERROR;
				CLANG_WARN_RANGE_LOOP_ANALYSIS = YES;
				CLANG_WARN_STRICT_PROTOTYPES = YES;
				CLANG_WARN_SUSPICIOUS_MOVE = YES;
				CLANG_WARN_UNGUARDED_AVAILABILITY = YES_AGGRESSIVE;
				CLANG_WARN_UNREACHABLE_CODE = YES;
				CLANG_WARN__DUPLICATE_METHOD_MATCH = YES;
				COPY_PHASE_STRIP = NO;
				DEBUG_INFORMATION_FORMAT = dwarf;
				ENABLE_STRICT_OBJC_MSGSEND = YES;
				ENABLE_TESTABILITY = YES;
				GCC_C_LANGUAGE_STANDARD = gnu11;
				GCC_DYNAMIC_NO_PIC = NO;
				GCC_NO_COMMON_BLOCKS = YES;
				GCC_OPTIMIZATION_LEVEL = 0;
				GCC_PREPROCESSOR_DEFINITIONS = (
					"DEBUG=1",
					"$(inherited)",
				);
				GCC_WARN_64_TO_32_BIT_CONVERSION = YES;
				GCC_WARN_ABOUT_RETURN_TYPE = YES_ERROR;
				GCC_WARN_UNDECLARED_SELECTOR = YES;
				GCC_WARN_UNINITIALIZED_AUTOS = YES_AGGRESSIVE;
				GCC_WARN_UNUSED_FUNCTION = YES;
				GCC_WARN_UNUSED_VARIABLE = YES;
				MACOSX_DEPLOYMENT_TARGET = 10.15;
				MTL_ENABLE_DEBUG_INFO = INCLUDE_SOURCE;
				MTL_FAST_MATH = YES;
				ONLY_ACTIVE_ARCH = YES;
				SDKROOT = macosx;
				SWIFT_ACTIVE_COMPILATION_CONDITIONS = DEBUG;
				SWIFT_OPTIMIZATION_LEVEL = "-Onone";
			};
			name = Debug;
		};
		1F8EA0AE24078C08008921AB /* Release */ = {
			isa = XCBuildConfiguration;
			buildSettings = {
				ALWAYS_SEARCH_USER_PATHS = NO;
				CLANG_ANALYZER_NONNULL = YES;
				CLANG_ANALYZER_NUMBER_OBJECT_CONVERSION = YES_AGGRESSIVE;
				CLANG_CXX_LANGUAGE_STANDARD = "gnu++14";
				CLANG_CXX_LIBRARY = "libc++";
				CLANG_ENABLE_MODULES = YES;
				CLANG_ENABLE_OBJC_ARC = YES;
				CLANG_ENABLE_OBJC_WEAK = YES;
				CLANG_WARN_BLOCK_CAPTURE_AUTORELEASING = YES;
				CLANG_WARN_BOOL_CONVERSION = YES;
				CLANG_WARN_COMMA = YES;
				CLANG_WARN_CONSTANT_CONVERSION = YES;
				CLANG_WARN_DEPRECATED_OBJC_IMPLEMENTATIONS = YES;
				CLANG_WARN_DIRECT_OBJC_ISA_USAGE = YES_ERROR;
				CLANG_WARN_DOCUMENTATION_COMMENTS = YES;
				CLANG_WARN_EMPTY_BODY = YES;
				CLANG_WARN_ENUM_CONVERSION = YES;
				CLANG_WARN_INFINITE_RECURSION = YES;
				CLANG_WARN_INT_CONVERSION = YES;
				CLANG_WARN_NON_LITERAL_NULL_CONVERSION = YES;
				CLANG_WARN_OBJC_IMPLICIT_RETAIN_SELF = YES;
				CLANG_WARN_OBJC_LITERAL_CONVERSION = YES;
				CLANG_WARN_OBJC_ROOT_CLASS = YES_ERROR;
				CLANG_WARN_RANGE_LOOP_ANALYSIS = YES;
				CLANG_WARN_STRICT_PROTOTYPES = YES;
				CLANG_WARN_SUSPICIOUS_MOVE = YES;
				CLANG_WARN_UNGUARDED_AVAILABILITY = YES_AGGRESSIVE;
				CLANG_WARN_UNREACHABLE_CODE = YES;
				CLANG_WARN__DUPLICATE_METHOD_MATCH = YES;
				COPY_PHASE_STRIP = NO;
				DEBUG_INFORMATION_FORMAT = "dwarf-with-dsym";
				ENABLE_NS_ASSERTIONS = NO;
				ENABLE_STRICT_OBJC_MSGSEND = YES;
				GCC_C_LANGUAGE_STANDARD = gnu11;
				GCC_NO_COMMON_BLOCKS = YES;
				GCC_WARN_64_TO_32_BIT_CONVERSION = YES;
				GCC_WARN_ABOUT_RETURN_TYPE = YES_ERROR;
				GCC_WARN_UNDECLARED_SELECTOR = YES;
				GCC_WARN_UNINITIALIZED_AUTOS = YES_AGGRESSIVE;
				GCC_WARN_UNUSED_FUNCTION = YES;
				GCC_WARN_UNUSED_VARIABLE = YES;
				MACOSX_DEPLOYMENT_TARGET = 10.15;
				MTL_ENABLE_DEBUG_INFO = NO;
				MTL_FAST_MATH = YES;
				SDKROOT = macosx;
				SWIFT_COMPILATION_MODE = wholemodule;
				SWIFT_OPTIMIZATION_LEVEL = "-O";
			};
			name = Release;
		};
		1F8EA0B024078C08008921AB /* Debug */ = {
			isa = XCBuildConfiguration;
			buildSettings = {
				ASSETCATALOG_COMPILER_APPICON_NAME = AppIcon;
				CODE_SIGN_ENTITLEMENTS = macOS/TestbedApp.entitlements;
				CODE_SIGN_STYLE = Automatic;
				COMBINE_HIDPI_IMAGES = YES;
				CURRENT_PROJECT_VERSION = 0.0.1;
				DEVELOPMENT_TEAM = D2D4S4F85R;
				ENABLE_HARDENED_RUNTIME = YES;
				INFOPLIST_FILE = macOS/Info.plist;
				LD_RUNPATH_SEARCH_PATHS = (
					"$(inherited)",
					"@executable_path/../Frameworks",
				);
				MACOSX_DEPLOYMENT_TARGET = 10.13;
				MARKETING_VERSION = 0.0.1;
				PRODUCT_BUNDLE_IDENTIFIER = "com.nicolasmiari.TestbedApp-macOS";
				PRODUCT_NAME = "$(TARGET_NAME)";
				SWIFT_VERSION = 5.0;
			};
			name = Debug;
		};
		1F8EA0B124078C08008921AB /* Release */ = {
			isa = XCBuildConfiguration;
			buildSettings = {
				ASSETCATALOG_COMPILER_APPICON_NAME = AppIcon;
				CODE_SIGN_ENTITLEMENTS = macOS/TestbedApp.entitlements;
				CODE_SIGN_STYLE = Automatic;
				COMBINE_HIDPI_IMAGES = YES;
				CURRENT_PROJECT_VERSION = 0.0.1;
				DEVELOPMENT_TEAM = D2D4S4F85R;
				ENABLE_HARDENED_RUNTIME = YES;
				INFOPLIST_FILE = macOS/Info.plist;
				LD_RUNPATH_SEARCH_PATHS = (
					"$(inherited)",
					"@executable_path/../Frameworks",
				);
				MACOSX_DEPLOYMENT_TARGET = 10.13;
				MARKETING_VERSION = 0.0.1;
				PRODUCT_BUNDLE_IDENTIFIER = "com.nicolasmiari.TestbedApp-macOS";
				PRODUCT_NAME = "$(TARGET_NAME)";
				SWIFT_VERSION = 5.0;
			};
			name = Release;
		};
		1F8EA0DF24078CFD008921AB /* Debug */ = {
			isa = XCBuildConfiguration;
			buildSettings = {
				ASSETCATALOG_COMPILER_APPICON_NAME = AppIcon;
				CODE_SIGN_STYLE = Automatic;
				DEVELOPMENT_TEAM = D2D4S4F85R;
				INFOPLIST_FILE = "TestBedApp-iOS/Info.plist";
				IPHONEOS_DEPLOYMENT_TARGET = 13.2;
				LD_RUNPATH_SEARCH_PATHS = (
					"$(inherited)",
					"@executable_path/Frameworks",
				);
				PRODUCT_BUNDLE_IDENTIFIER = "com.nicolasmiari.TestBedApp-iOS";
				PRODUCT_NAME = "$(TARGET_NAME)";
				SDKROOT = iphoneos;
				SWIFT_VERSION = 5.0;
				TARGETED_DEVICE_FAMILY = "1,2";
			};
			name = Debug;
		};
		1F8EA0E024078CFD008921AB /* Release */ = {
			isa = XCBuildConfiguration;
			buildSettings = {
				ASSETCATALOG_COMPILER_APPICON_NAME = AppIcon;
				CODE_SIGN_STYLE = Automatic;
				DEVELOPMENT_TEAM = D2D4S4F85R;
				INFOPLIST_FILE = "TestBedApp-iOS/Info.plist";
				IPHONEOS_DEPLOYMENT_TARGET = 13.2;
				LD_RUNPATH_SEARCH_PATHS = (
					"$(inherited)",
					"@executable_path/Frameworks",
				);
				PRODUCT_BUNDLE_IDENTIFIER = "com.nicolasmiari.TestBedApp-iOS";
				PRODUCT_NAME = "$(TARGET_NAME)";
				SDKROOT = iphoneos;
				SWIFT_VERSION = 5.0;
				TARGETED_DEVICE_FAMILY = "1,2";
				VALIDATE_PRODUCT = YES;
			};
			name = Release;
		};
/* End XCBuildConfiguration section */

/* Begin XCConfigurationList section */
		1F8EA09A24078C07008921AB /* Build configuration list for PBXProject "TestbedApp" */ = {
			isa = XCConfigurationList;
			buildConfigurations = (
				1F8EA0AD24078C08008921AB /* Debug */,
				1F8EA0AE24078C08008921AB /* Release */,
			);
			defaultConfigurationIsVisible = 0;
			defaultConfigurationName = Release;
		};
		1F8EA0AF24078C08008921AB /* Build configuration list for PBXNativeTarget "TestbedApp-macOS" */ = {
			isa = XCConfigurationList;
			buildConfigurations = (
				1F8EA0B024078C08008921AB /* Debug */,
				1F8EA0B124078C08008921AB /* Release */,
			);
			defaultConfigurationIsVisible = 0;
			defaultConfigurationName = Release;
		};
		1F8EA0DE24078CFD008921AB /* Build configuration list for PBXNativeTarget "TestBedApp-iOS" */ = {
			isa = XCConfigurationList;
			buildConfigurations = (
				1F8EA0DF24078CFD008921AB /* Debug */,
				1F8EA0E024078CFD008921AB /* Release */,
			);
			defaultConfigurationIsVisible = 0;
			defaultConfigurationName = Release;
		};
/* End XCConfigurationList section */
	};
	rootObject = 1F8EA09724078C07008921AB /* Project object */;
}
